
Microsoft Visual Studio Solution File, Format Version 12.00
# Visual Studio Version 17
VisualStudioVersion = 17.0.32014.148
MinimumVisualStudioVersion = 10.0.40219.1
Project("{9A19103F-16F7-4668-BE54-9A1E7A4F7556}") = "RoomBooking.Api", "RoomBooking.Api\RoomBooking.Api.csproj", "{AE16CFCF-24F7-4311-A464-7802E5D14F99}"
EndProject
Project("{9A19103F-16F7-4668-BE54-9A1E7A4F7556}") = "RoomBooking.Domain", "RoomBooking.Domain\RoomBooking.Domain.csproj", "{BA95ECA2-645F-4C9C-8BAE-0F011C9CD6C9}"
EndProject
Project("{9A19103F-16F7-4668-BE54-9A1E7A4F7556}") = "RoomBooking.Dal", "RoomBooking.Dal\RoomBooking.Dal.csproj", "{054A6262-BB41-481F-9708-F18A8F90CE87}"
EndProject
Project("{FAE04EC0-301F-11D3-BF4B-00C04F79EFBC}") = "RoomBooking.Test", "RoomBooking.Test\RoomBooking.Test.csproj", "{948B6BD0-0965-4566-910F-46E971C2DACB}"
EndProject
Global
	GlobalSection(SolutionConfigurationPlatforms) = preSolution
		Debug|Any CPU = Debug|Any CPU
		Release|Any CPU = Release|Any CPU
	EndGlobalSection
	GlobalSection(ProjectConfigurationPlatforms) = postSolution
		{AE16CFCF-24F7-4311-A464-7802E5D14F99}.Debug|Any CPU.ActiveCfg = Debug|Any CPU
		{AE16CFCF-24F7-4311-A464-7802E5D14F99}.Debug|Any CPU.Build.0 = Debug|Any CPU
		{AE16CFCF-24F7-4311-A464-7802E5D14F99}.Release|Any CPU.ActiveCfg = Release|Any CPU
		{AE16CFCF-24F7-4311-A464-7802E5D14F99}.Release|Any CPU.Build.0 = Release|Any CPU
		{BA95ECA2-645F-4C9C-8BAE-0F011C9CD6C9}.Debug|Any CPU.ActiveCfg = Debug|Any CPU
		{BA95ECA2-645F-4C9C-8BAE-0F011C9CD6C9}.Debug|Any CPU.Build.0 = Debug|Any CPU
		{BA95ECA2-645F-4C9C-8BAE-0F011C9CD6C9}.Release|Any CPU.ActiveCfg = Release|Any CPU
		{BA95ECA2-645F-4C9C-8BAE-0F011C9CD6C9}.Release|Any CPU.Build.0 = Release|Any CPU
		{054A6262-BB41-481F-9708-F18A8F90CE87}.Debug|Any CPU.ActiveCfg = Debug|Any CPU
		{054A6262-BB41-481F-9708-F18A8F90CE87}.Debug|Any CPU.Build.0 = Debug|Any CPU
		{054A6262-BB41-481F-9708-F18A8F90CE87}.Release|Any CPU.ActiveCfg = Release|Any CPU
		{054A6262-BB41-481F-9708-F18A8F90CE87}.Release|Any CPU.Build.0 = Release|Any CPU
		{948B6BD0-0965-4566-910F-46E971C2DACB}.Debug|Any CPU.ActiveCfg = Debug|Any CPU
		{948B6BD0-0965-4566-910F-46E971C2DACB}.Debug|Any CPU.Build.0 = Debug|Any CPU
		{948B6BD0-0965-4566-910F-46E971C2DACB}.Release|Any CPU.ActiveCfg = Release|Any CPU
		{948B6BD0-0965-4566-910F-46E971C2DACB}.Release|Any CPU.Build.0 = Release|Any CPU
	EndGlobalSection
	GlobalSection(SolutionProperties) = preSolution
		HideSolutionNode = FALSE
	EndGlobalSection
	GlobalSection(ExtensibilityGlobals) = postSolution
		SolutionGuid = {44FA12CB-9780-4A2B-A732-1A468DF32BC3}
	EndGlobalSection
EndGlobal
